// !$*UTF8*$!
{
	archiveVersion = 1;
	classes = {
	};
	objectVersion = 55;
	objects = {

/* Begin PBXBuildFile section */
		E4A68889271B70AC001E19A9 /* AppDelegate.swift in Sources */ = {isa = PBXBuildFile; fileRef = E4A68888271B70AC001E19A9 /* AppDelegate.swift */; };
		E4A6888B271B70AC001E19A9 /* SceneDelegate.swift in Sources */ = {isa = PBXBuildFile; fileRef = E4A6888A271B70AC001E19A9 /* SceneDelegate.swift */; };
		E4A6888D271B70AC001E19A9 /* ViewController.swift in Sources */ = {isa = PBXBuildFile; fileRef = E4A6888C271B70AC001E19A9 /* ViewController.swift */; };
		E4A68890271B70AC001E19A9 /* Main.storyboard in Resources */ = {isa = PBXBuildFile; fileRef = E4A6888E271B70AC001E19A9 /* Main.storyboard */; };
		E4A68892271B70AF001E19A9 /* Assets.xcassets in Resources */ = {isa = PBXBuildFile; fileRef = E4A68891271B70AF001E19A9 /* Assets.xcassets */; };
		E4A68895271B70AF001E19A9 /* LaunchScreen.storyboard in Resources */ = {isa = PBXBuildFile; fileRef = E4A68893271B70AF001E19A9 /* LaunchScreen.storyboard */; };
		E4A6889D271B70BE001E19A9 /* Node.swift in Sources */ = {isa = PBXBuildFile; fileRef = E4A6889C271B70BE001E19A9 /* Node.swift */; };
		E4A688A0271B7217001E19A9 /* Helper.swift in Sources */ = {isa = PBXBuildFile; fileRef = E4A6889F271B7217001E19A9 /* Helper.swift */; };
/* End PBXBuildFile section */

/* Begin PBXFileReference section */
		E4A68885271B70AC001E19A9 /* AddTwoNumbers.app */ = {isa = PBXFileReference; explicitFileType = wrapper.application; includeInIndex = 0; path = AddTwoNumbers.app; sourceTree = BUILT_PRODUCTS_DIR; };
		E4A68888271B70AC001E19A9 /* AppDelegate.swift */ = {isa = PBXFileReference; lastKnownFileType = sourcecode.swift; path = AppDelegate.swift; sourceTree = "<group>"; };
		E4A6888A271B70AC001E19A9 /* SceneDelegate.swift */ = {isa = PBXFileReference; lastKnownFileType = sourcecode.swift; path = SceneDelegate.swift; sourceTree = "<group>"; };
		E4A6888C271B70AC001E19A9 /* ViewController.swift */ = {isa = PBXFileReference; lastKnownFileType = sourcecode.swift; path = ViewController.swift; sourceTree = "<group>"; };
		E4A6888F271B70AC001E19A9 /* Base */ = {isa = PBXFileReference; lastKnownFileType = file.storyboard; name = Base; path = Base.lproj/Main.storyboard; sourceTree = "<group>"; };
		E4A68891271B70AF001E19A9 /* Assets.xcassets */ = {isa = PBXFileReference; lastKnownFileType = folder.assetcatalog; path = Assets.xcassets; sourceTree = "<group>"; };
		E4A68894271B70AF001E19A9 /* Base */ = {isa = PBXFileReference; lastKnownFileType = file.storyboard; name = Base; path = Base.lproj/LaunchScreen.storyboard; sourceTree = "<group>"; };
		E4A68896271B70AF001E19A9 /* Info.plist */ = {isa = PBXFileReference; lastKnownFileType = text.plist.xml; path = Info.plist; sourceTree = "<group>"; };
		E4A6889C271B70BE001E19A9 /* Node.swift */ = {isa = PBXFileReference; lastKnownFileType = sourcecode.swift; path = Node.swift; sourceTree = "<group>"; };
		E4A6889F271B7217001E19A9 /* Helper.swift */ = {isa = PBXFileReference; lastKnownFileType = sourcecode.swift; path = Helper.swift; sourceTree = "<group>"; };
/* End PBXFileReference section */

/* Begin PBXFrameworksBuildPhase section */
		E4A68882271B70AC001E19A9 /* Frameworks */ = {
			isa = PBXFrameworksBuildPhase;
			buildActionMask = 2147483647;
			files = (
			);
			runOnlyForDeploymentPostprocessing = 0;
		};
/* End PBXFrameworksBuildPhase section */

/* Begin PBXGroup section */
		E4A6887C271B70AC001E19A9 = {
			isa = PBXGroup;
			children = (
				E4A68887271B70AC001E19A9 /* AddTwoNumbers */,
				E4A68886271B70AC001E19A9 /* Products */,
			);
			sourceTree = "<group>";
		};
		E4A68886271B70AC001E19A9 /* Products */ = {
			isa = PBXGroup;
			children = (
				E4A68885271B70AC001E19A9 /* AddTwoNumbers.app */,
			);
			name = Products;
			sourceTree = "<group>";
		};
		E4A68887271B70AC001E19A9 /* AddTwoNumbers */ = {
			isa = PBXGroup;
			children = (
				E4A6889E271B7110001E19A9 /* Helpers */,
				E4A68888271B70AC001E19A9 /* AppDelegate.swift */,
				E4A6888A271B70AC001E19A9 /* SceneDelegate.swift */,
				E4A6888C271B70AC001E19A9 /* ViewController.swift */,
				E4A6889C271B70BE001E19A9 /* Node.swift */,
				E4A6888E271B70AC001E19A9 /* Main.storyboard */,
				E4A68891271B70AF001E19A9 /* Assets.xcassets */,
				E4A68893271B70AF001E19A9 /* LaunchScreen.storyboard */,
				E4A68896271B70AF001E19A9 /* Info.plist */,
			);
			path = AddTwoNumbers;
			sourceTree = "<group>";
		};
		E4A6889E271B7110001E19A9 /* Helpers */ = {
			isa = PBXGroup;
			children = (
				E4A6889F271B7217001E19A9 /* Helper.swift */,
			);
			path = Helpers;
			sourceTree = "<group>";
		};
/* End PBXGroup section */

/* Begin PBXNativeTarget section */
		E4A68884271B70AC001E19A9 /* AddTwoNumbers */ = {
			isa = PBXNativeTarget;
			buildConfigurationList = E4A68899271B70AF001E19A9 /* Build configuration list for PBXNativeTarget "AddTwoNumbers" */;
			buildPhases = (
				E4A68881271B70AC001E19A9 /* Sources */,
				E4A68882271B70AC001E19A9 /* Frameworks */,
				E4A68883271B70AC001E19A9 /* Resources */,
			);
			buildRules = (
			);
			dependencies = (
			);
			name = AddTwoNumbers;
			productName = AddTwoNumbers;
			productReference = E4A68885271B70AC001E19A9 /* AddTwoNumbers.app */;
			productType = "com.apple.product-type.application";
		};
/* End PBXNativeTarget section */

/* Begin PBXProject section */
		E4A6887D271B70AC001E19A9 /* Project object */ = {
			isa = PBXProject;
			attributes = {
				BuildIndependentTargetsInParallel = 1;
				LastSwiftUpdateCheck = 1300;
				LastUpgradeCheck = 1300;
				TargetAttributes = {
					E4A68884271B70AC001E19A9 = {
						CreatedOnToolsVersion = 13.0;
					};
				};
			};
			buildConfigurationList = E4A68880271B70AC001E19A9 /* Build configuration list for PBXProject "AddTwoNumbers" */;
			compatibilityVersion = "Xcode 13.0";
			developmentRegion = en;
			hasScannedForEncodings = 0;
			knownRegions = (
				en,
				Base,
			);
			mainGroup = E4A6887C271B70AC001E19A9;
			productRefGroup = E4A68886271B70AC001E19A9 /* Products */;
			projectDirPath = "";
			projectRoot = "";
			targets = (
				E4A68884271B70AC001E19A9 /* AddTwoNumbers */,
			);
		};
/* End PBXProject section */

/* Begin PBXResourcesBuildPhase section */
		E4A68883271B70AC001E19A9 /* Resources */ = {
			isa = PBXResourcesBuildPhase;
			buildActionMask = 2147483647;
			files = (
				E4A68895271B70AF001E19A9 /* LaunchScreen.storyboard in Resources */,
				E4A68892271B70AF001E19A9 /* Assets.xcassets in Resources */,
				E4A68890271B70AC001E19A9 /* Main.storyboard in Resources */,
			);
			runOnlyForDeploymentPostprocessing = 0;
		};
/* End PBXResourcesBuildPhase section */

/* Begin PBXSourcesBuildPhase section */
		E4A68881271B70AC001E19A9 /* Sources */ = {
			isa = PBXSourcesBuildPhase;
			buildActionMask = 2147483647;
			files = (
				E4A6888D271B70AC001E19A9 /* ViewController.swift in Sources */,
				E4A68889271B70AC001E19A9 /* AppDelegate.swift in Sources */,
				E4A688A0271B7217001E19A9 /* Helper.swift in Sources */,
				E4A6888B271B70AC001E19A9 /* SceneDelegate.swift in Sources */,
				E4A6889D271B70BE001E19A9 /* Node.swift in Sources */,
			);
			runOnlyForDeploymentPostprocessing = 0;
		};
/* End PBXSourcesBuildPhase section */

/* Begin PBXVariantGroup section */
		E4A6888E271B70AC001E19A9 /* Main.storyboard */ = {
			isa = PBXVariantGroup;
			children = (
				E4A6888F271B70AC001E19A9 /* Base */,
			);
			name = Main.storyboard;
			sourceTree = "<group>";
		};
		E4A68893271B70AF001E19A9 /* LaunchScreen.storyboard */ = {
			isa = PBXVariantGroup;
			children = (
				E4A68894271B70AF001E19A9 /* Base */,
			);
			name = LaunchScreen.storyboard;
			sourceTree = "<group>";
		};
/* End PBXVariantGroup section */

/* Begin XCBuildConfiguration section */
		E4A68897271B70AF001E19A9 /* Debug */ = {
			isa = XCBuildConfiguration;
			buildSettings = {
				ALWAYS_SEARCH_USER_PATHS = NO;
				CLANG_ANALYZER_NONNULL = YES;
				CLANG_ANALYZER_NUMBER_OBJECT_CONVERSION = YES_AGGRESSIVE;
				CLANG_CXX_LANGUAGE_STANDARD = "gnu++17";
				CLANG_CXX_LIBRARY = "libc++";
				CLANG_ENABLE_MODULES = YES;
				CLANG_ENABLE_OBJC_ARC = YES;
				CLANG_ENABLE_OBJC_WEAK = YES;
				CLANG_WARN_BLOCK_CAPTURE_AUTORELEASING = YES;
				CLANG_WARN_BOOL_CONVERSION = YES;
				CLANG_WARN_COMMA = YES;
				CLANG_WARN_CONSTANT_CONVERSION = YES;
				CLANG_WARN_DEPRECATED_OBJC_IMPLEMENTATIONS = YES;
				CLANG_WARN_DIRECT_OBJC_ISA_USAGE = YES_ERROR;
				CLANG_WARN_DOCUMENTATION_COMMENTS = YES;
				CLANG_WARN_EMPTY_BODY = YES;
				CLANG_WARN_ENUM_CONVERSION = YES;
				CLANG_WARN_INFINITE_RECURSION = YES;
				CLANG_WARN_INT_CONVERSION = YES;
				CLANG_WARN_NON_LITERAL_NULL_CONVERSION = YES;
				CLANG_WARN_OBJC_IMPLICIT_RETAIN_SELF = YES;
				CLANG_WARN_OBJC_LITERAL_CONVERSION = YES;
				CLANG_WARN_OBJC_ROOT_CLASS = YES_ERROR;
				CLANG_WARN_QUOTED_INCLUDE_IN_FRAMEWORK_HEADER = YES;
				CLANG_WARN_RANGE_LOOP_ANALYSIS = YES;
				CLANG_WARN_STRICT_PROTOTYPES = YES;
				CLANG_WARN_SUSPICIOUS_MOVE = YES;
				CLANG_WARN_UNGUARDED_AVAILABILITY = YES_AGGRESSIVE;
				CLANG_WARN_UNREACHABLE_CODE = YES;
				CLANG_WARN__DUPLICATE_METHOD_MATCH = YES;
				COPY_PHASE_STRIP = NO;
				DEBUG_INFORMATION_FORMAT = dwarf;
				ENABLE_STRICT_OBJC_MSGSEND = YES;
				ENABLE_TESTABILITY = YES;
				GCC_C_LANGUAGE_STANDARD = gnu11;
				GCC_DYNAMIC_NO_PIC = NO;
				GCC_NO_COMMON_BLOCKS = YES;
				GCC_OPTIMIZATION_LEVEL = 0;
				GCC_PREPROCESSOR_DEFINITIONS = (
					"DEBUG=1",
					"$(inherited)",
				);
				GCC_WARN_64_TO_32_BIT_CONVERSION = YES;
				GCC_WARN_ABOUT_RETURN_TYPE = YES_ERROR;
				GCC_WARN_UNDECLARED_SELECTOR = YES;
				GCC_WARN_UNINITIALIZED_AUTOS = YES_AGGRESSIVE;
				GCC_WARN_UNUSED_FUNCTION = YES;
				GCC_WARN_UNUSED_VARIABLE = YES;
				IPHONEOS_DEPLOYMENT_TARGET = 15.0;
				MTL_ENABLE_DEBUG_INFO = INCLUDE_SOURCE;
				MTL_FAST_MATH = YES;
				ONLY_ACTIVE_ARCH = YES;
				SDKROOT = iphoneos;
				SWIFT_ACTIVE_COMPILATION_CONDITIONS = DEBUG;
				SWIFT_OPTIMIZATION_LEVEL = "-Onone";
			};
			name = Debug;
		};
		E4A68898271B70AF001E19A9 /* Release */ = {
			isa = XCBuildConfiguration;
			buildSettings = {
				ALWAYS_SEARCH_USER_PATHS = NO;
				CLANG_ANALYZER_NONNULL = YES;
				CLANG_ANALYZER_NUMBER_OBJECT_CONVERSION = YES_AGGRESSIVE;
				CLANG_CXX_LANGUAGE_STANDARD = "gnu++17";
				CLANG_CXX_LIBRARY = "libc++";
				CLANG_ENABLE_MODULES = YES;
				CLANG_ENABLE_OBJC_ARC = YES;
				CLANG_ENABLE_OBJC_WEAK = YES;
				CLANG_WARN_BLOCK_CAPTURE_AUTORELEASING = YES;
				CLANG_WARN_BOOL_CONVERSION = YES;
				CLANG_WARN_COMMA = YES;
				CLANG_WARN_CONSTANT_CONVERSION = YES;
				CLANG_WARN_DEPRECATED_OBJC_IMPLEMENTATIONS = YES;
				CLANG_WARN_DIRECT_OBJC_ISA_USAGE = YES_ERROR;
				CLANG_WARN_DOCUMENTATION_COMMENTS = YES;
				CLANG_WARN_EMPTY_BODY = YES;
				CLANG_WARN_ENUM_CONVERSION = YES;
				CLANG_WARN_INFINITE_RECURSION = YES;
				CLANG_WARN_INT_CONVERSION = YES;
				CLANG_WARN_NON_LITERAL_NULL_CONVERSION = YES;
				CLANG_WARN_OBJC_IMPLICIT_RETAIN_SELF = YES;
				CLANG_WARN_OBJC_LITERAL_CONVERSION = YES;
				CLANG_WARN_OBJC_ROOT_CLASS = YES_ERROR;
				CLANG_WARN_QUOTED_INCLUDE_IN_FRAMEWORK_HEADER = YES;
				CLANG_WARN_RANGE_LOOP_ANALYSIS = YES;
				CLANG_WARN_STRICT_PROTOTYPES = YES;
				CLANG_WARN_SUSPICIOUS_MOVE = YES;
				CLANG_WARN_UNGUARDED_AVAILABILITY = YES_AGGRESSIVE;
				CLANG_WARN_UNREACHABLE_CODE = YES;
				CLANG_WARN__DUPLICATE_METHOD_MATCH = YES;
				COPY_PHASE_STRIP = NO;
				DEBUG_INFORMATION_FORMAT = "dwarf-with-dsym";
				ENABLE_NS_ASSERTIONS = NO;
				ENABLE_STRICT_OBJC_MSGSEND = YES;
				GCC_C_LANGUAGE_STANDARD = gnu11;
				GCC_NO_COMMON_BLOCKS = YES;
				GCC_WARN_64_TO_32_BIT_CONVERSION = YES;
				GCC_WARN_ABOUT_RETURN_TYPE = YES_ERROR;
				GCC_WARN_UNDECLARED_SELECTOR = YES;
				GCC_WARN_UNINITIALIZED_AUTOS = YES_AGGRESSIVE;
				GCC_WARN_UNUSED_FUNCTION = YES;
				GCC_WARN_UNUSED_VARIABLE = YES;
				IPHONEOS_DEPLOYMENT_TARGET = 15.0;
				MTL_ENABLE_DEBUG_INFO = NO;
				MTL_FAST_MATH = YES;
				SDKROOT = iphoneos;
				SWIFT_COMPILATION_MODE = wholemodule;
				SWIFT_OPTIMIZATION_LEVEL = "-O";
				VALIDATE_PRODUCT = YES;
			};
			name = Release;
		};
		E4A6889A271B70AF001E19A9 /* Debug */ = {
			isa = XCBuildConfiguration;
			buildSettings = {
				ASSETCATALOG_COMPILER_APPICON_NAME = AppIcon;
				ASSETCATALOG_COMPILER_GLOBAL_ACCENT_COLOR_NAME = AccentColor;
				CODE_SIGN_STYLE = Automatic;
				CURRENT_PROJECT_VERSION = 1;
				DEVELOPMENT_TEAM = Y4F2Z2Y438;
				GENERATE_INFOPLIST_FILE = YES;
				INFOPLIST_FILE = AddTwoNumbers/Info.plist;
				INFOPLIST_KEY_UIApplicationSupportsIndirectInputEvents = YES;
				INFOPLIST_KEY_UILaunchStoryboardName = LaunchScreen;
				INFOPLIST_KEY_UIMainStoryboardFile = Main;
				INFOPLIST_KEY_UISupportedInterfaceOrientations_iPad = "UIInterfaceOrientationPortrait UIInterfaceOrientationPortraitUpsideDown UIInterfaceOrientationLandscapeLeft UIInterfaceOrientationLandscapeRight";
				INFOPLIST_KEY_UISupportedInterfaceOrientations_iPhone = "UIInterfaceOrientationPortrait UIInterfaceOrientationLandscapeLeft UIInterfaceOrientationLandscapeRight";
				LD_RUNPATH_SEARCH_PATHS = (
					"$(inherited)",
					"@executable_path/Frameworks",
				);
				MARKETING_VERSION = 1.0;
				PRODUCT_BUNDLE_IDENTIFIER = com.dilum.AddTwoNumbers;
				PRODUCT_NAME = "$(TARGET_NAME)";
				SWIFT_EMIT_LOC_STRINGS = YES;
				SWIFT_VERSION = 5.0;
				TARGETED_DEVICE_FAMILY = "1,2";
			};
			name = Debug;
		};
		E4A6889B271B70AF001E19A9 /* Release */ = {
			isa = XCBuildConfiguration;
			buildSettings = {
				ASSETCATALOG_COMPILER_APPICON_NAME = AppIcon;
				ASSETCATALOG_COMPILER_GLOBAL_ACCENT_COLOR_NAME = AccentColor;
				CODE_SIGN_STYLE = Automatic;
				CURRENT_PROJECT_VERSION = 1;
				DEVELOPMENT_TEAM = Y4F2Z2Y438;
				GENERATE_INFOPLIST_FILE = YES;
				INFOPLIST_FILE = AddTwoNumbers/Info.plist;
				INFOPLIST_KEY_UIApplicationSupportsIndirectInputEvents = YES;
				INFOPLIST_KEY_UILaunchStoryboardName = LaunchScreen;
				INFOPLIST_KEY_UIMainStoryboardFile = Main;
				INFOPLIST_KEY_UISupportedInterfaceOrientations_iPad = "UIInterfaceOrientationPortrait UIInterfaceOrientationPortraitUpsideDown UIInterfaceOrientationLandscapeLeft UIInterfaceOrientationLandscapeRight";
				INFOPLIST_KEY_UISupportedInterfaceOrientations_iPhone = "UIInterfaceOrientationPortrait UIInterfaceOrientationLandscapeLeft UIInterfaceOrientationLandscapeRight";
				LD_RUNPATH_SEARCH_PATHS = (
					"$(inherited)",
					"@executable_path/Frameworks",
				);
				MARKETING_VERSION = 1.0;
				PRODUCT_BUNDLE_IDENTIFIER = com.dilum.AddTwoNumbers;
				PRODUCT_NAME = "$(TARGET_NAME)";
				SWIFT_EMIT_LOC_STRINGS = YES;
				SWIFT_VERSION = 5.0;
				TARGETED_DEVICE_FAMILY = "1,2";
			};
			name = Release;
		};
/* End XCBuildConfiguration section */

/* Begin XCConfigurationList section */
		E4A68880271B70AC001E19A9 /* Build configuration list for PBXProject "AddTwoNumbers" */ = {
			isa = XCConfigurationList;
			buildConfigurations = (
				E4A68897271B70AF001E19A9 /* Debug */,
				E4A68898271B70AF001E19A9 /* Release */,
			);
			defaultConfigurationIsVisible = 0;
			defaultConfigurationName = Release;
		};
		E4A68899271B70AF001E19A9 /* Build configuration list for PBXNativeTarget "AddTwoNumbers" */ = {
			isa = XCConfigurationList;
			buildConfigurations = (
				E4A6889A271B70AF001E19A9 /* Debug */,
				E4A6889B271B70AF001E19A9 /* Release */,
			);
			defaultConfigurationIsVisible = 0;
			defaultConfigurationName = Release;
		};
/* End XCConfigurationList section */
	};
	rootObject = E4A6887D271B70AC001E19A9 /* Project object */;
}
